
Microsoft Visual Studio Solution File, Format Version 12.00
# Visual Studio Version 18
VisualStudioVersion = 18.1.11312.151 d18.0
MinimumVisualStudioVersion = 10.0.40219.1
Project("{FAE04EC0-301F-11D3-BF4B-00C04F79EFBC}") = "StrengthPortal.Api", "StrengthPortal.Api\StrengthPortal.Api.csproj", "{2B979B81-CD1C-4CF5-828E-65D3879B5053}"
EndProject
Project("{00D1A9C2-B5F0-4AF3-8072-F6C62B433612}") = "StrengthPortal.Database", "StrengthPortal.Database\StrengthPortal.Database.sqlproj", "{61B5043E-AEF1-44F9-9655-7B514BDD605F}"
EndProject
Project("{FAE04EC0-301F-11D3-BF4B-00C04F79EFBC}") = "StrengthPortal.Identity", "StrengthPortal.Identity\StrengthPortal.Identity.csproj", "{90C547A6-CB2A-4FF3-86CD-FE2D49395245}"
EndProject
Project("{00D1A9C2-B5F0-4AF3-8072-F6C62B433612}") = "StrengthPortal.IdentityDatabase", "StrengthPortal.IdentityDatabase\StrengthPortal.IdentityDatabase.sqlproj", "{2157B76B-9AD1-4C4B-9025-F779E1E39F68}"
EndProject
Global
	GlobalSection(SolutionConfigurationPlatforms) = preSolution
		Debug|Any CPU = Debug|Any CPU
		Debug|x64 = Debug|x64
		Debug|x86 = Debug|x86
		Release|Any CPU = Release|Any CPU
		Release|x64 = Release|x64
		Release|x86 = Release|x86
	EndGlobalSection
	GlobalSection(ProjectConfigurationPlatforms) = postSolution
		{2B979B81-CD1C-4CF5-828E-65D3879B5053}.Debug|Any CPU.ActiveCfg = Debug|Any CPU
		{2B979B81-CD1C-4CF5-828E-65D3879B5053}.Debug|Any CPU.Build.0 = Debug|Any CPU
		{2B979B81-CD1C-4CF5-828E-65D3879B5053}.Debug|x64.ActiveCfg = Debug|Any CPU
		{2B979B81-CD1C-4CF5-828E-65D3879B5053}.Debug|x64.Build.0 = Debug|Any CPU
		{2B979B81-CD1C-4CF5-828E-65D3879B5053}.Debug|x86.ActiveCfg = Debug|Any CPU
		{2B979B81-CD1C-4CF5-828E-65D3879B5053}.Debug|x86.Build.0 = Debug|Any CPU
		{2B979B81-CD1C-4CF5-828E-65D3879B5053}.Release|Any CPU.ActiveCfg = Release|Any CPU
		{2B979B81-CD1C-4CF5-828E-65D3879B5053}.Release|Any CPU.Build.0 = Release|Any CPU
		{2B979B81-CD1C-4CF5-828E-65D3879B5053}.Release|x64.ActiveCfg = Release|Any CPU
		{2B979B81-CD1C-4CF5-828E-65D3879B5053}.Release|x64.Build.0 = Release|Any CPU
		{2B979B81-CD1C-4CF5-828E-65D3879B5053}.Release|x86.ActiveCfg = Release|Any CPU
		{2B979B81-CD1C-4CF5-828E-65D3879B5053}.Release|x86.Build.0 = Release|Any CPU
		{61B5043E-AEF1-44F9-9655-7B514BDD605F}.Debug|Any CPU.ActiveCfg = Debug|Any CPU
		{61B5043E-AEF1-44F9-9655-7B514BDD605F}.Debug|Any CPU.Build.0 = Debug|Any CPU
		{61B5043E-AEF1-44F9-9655-7B514BDD605F}.Debug|Any CPU.Deploy.0 = Debug|Any CPU
		{61B5043E-AEF1-44F9-9655-7B514BDD605F}.Debug|x64.ActiveCfg = Debug|x64
		{61B5043E-AEF1-44F9-9655-7B514BDD605F}.Debug|x86.ActiveCfg = Debug|x86
		{61B5043E-AEF1-44F9-9655-7B514BDD605F}.Release|Any CPU.ActiveCfg = Release|Any CPU
		{61B5043E-AEF1-44F9-9655-7B514BDD605F}.Release|Any CPU.Build.0 = Release|Any CPU
		{61B5043E-AEF1-44F9-9655-7B514BDD605F}.Release|Any CPU.Deploy.0 = Release|Any CPU
		{61B5043E-AEF1-44F9-9655-7B514BDD605F}.Release|x64.ActiveCfg = Release|x64
		{61B5043E-AEF1-44F9-9655-7B514BDD605F}.Release|x86.ActiveCfg = Release|x86
		{90C547A6-CB2A-4FF3-86CD-FE2D49395245}.Debug|Any CPU.ActiveCfg = Debug|Any CPU
		{90C547A6-CB2A-4FF3-86CD-FE2D49395245}.Debug|Any CPU.Build.0 = Debug|Any CPU
		{90C547A6-CB2A-4FF3-86CD-FE2D49395245}.Debug|x64.ActiveCfg = Debug|Any CPU
		{90C547A6-CB2A-4FF3-86CD-FE2D49395245}.Debug|x64.Build.0 = Debug|Any CPU
		{90C547A6-CB2A-4FF3-86CD-FE2D49395245}.Debug|x86.ActiveCfg = Debug|Any CPU
		{90C547A6-CB2A-4FF3-86CD-FE2D49395245}.Debug|x86.Build.0 = Debug|Any CPU
		{90C547A6-CB2A-4FF3-86CD-FE2D49395245}.Release|Any CPU.ActiveCfg = Release|Any CPU
		{90C547A6-CB2A-4FF3-86CD-FE2D49395245}.Release|Any CPU.Build.0 = Release|Any CPU
		{90C547A6-CB2A-4FF3-86CD-FE2D49395245}.Release|x64.ActiveCfg = Release|Any CPU
		{90C547A6-CB2A-4FF3-86CD-FE2D49395245}.Release|x64.Build.0 = Release|Any CPU
		{90C547A6-CB2A-4FF3-86CD-FE2D49395245}.Release|x86.ActiveCfg = Release|Any CPU
		{90C547A6-CB2A-4FF3-86CD-FE2D49395245}.Release|x86.Build.0 = Release|Any CPU
		{2157B76B-9AD1-4C4B-9025-F779E1E39F68}.Debug|Any CPU.ActiveCfg = Debug|Any CPU
		{2157B76B-9AD1-4C4B-9025-F779E1E39F68}.Debug|Any CPU.Build.0 = Debug|Any CPU
		{2157B76B-9AD1-4C4B-9025-F779E1E39F68}.Debug|Any CPU.Deploy.0 = Debug|Any CPU
		{2157B76B-9AD1-4C4B-9025-F779E1E39F68}.Debug|x64.ActiveCfg = Debug|Any CPU
		{2157B76B-9AD1-4C4B-9025-F779E1E39F68}.Debug|x64.Build.0 = Debug|Any CPU
		{2157B76B-9AD1-4C4B-9025-F779E1E39F68}.Debug|x64.Deploy.0 = Debug|Any CPU
		{2157B76B-9AD1-4C4B-9025-F779E1E39F68}.Debug|x86.ActiveCfg = Debug|Any CPU
		{2157B76B-9AD1-4C4B-9025-F779E1E39F68}.Debug|x86.Build.0 = Debug|Any CPU
		{2157B76B-9AD1-4C4B-9025-F779E1E39F68}.Debug|x86.Deploy.0 = Debug|Any CPU
		{2157B76B-9AD1-4C4B-9025-F779E1E39F68}.Release|Any CPU.ActiveCfg = Release|Any CPU
		{2157B76B-9AD1-4C4B-9025-F779E1E39F68}.Release|Any CPU.Build.0 = Release|Any CPU
		{2157B76B-9AD1-4C4B-9025-F779E1E39F68}.Release|Any CPU.Deploy.0 = Release|Any CPU
		{2157B76B-9AD1-4C4B-9025-F779E1E39F68}.Release|x64.ActiveCfg = Release|Any CPU
		{2157B76B-9AD1-4C4B-9025-F779E1E39F68}.Release|x64.Build.0 = Release|Any CPU
		{2157B76B-9AD1-4C4B-9025-F779E1E39F68}.Release|x64.Deploy.0 = Release|Any CPU
		{2157B76B-9AD1-4C4B-9025-F779E1E39F68}.Release|x86.ActiveCfg = Release|Any CPU
		{2157B76B-9AD1-4C4B-9025-F779E1E39F68}.Release|x86.Build.0 = Release|Any CPU
		{2157B76B-9AD1-4C4B-9025-F779E1E39F68}.Release|x86.Deploy.0 = Release|Any CPU
	EndGlobalSection
	GlobalSection(SolutionProperties) = preSolution
		HideSolutionNode = FALSE
	EndGlobalSection
	GlobalSection(ExtensibilityGlobals) = postSolution
		SolutionGuid = {0E3D4D44-DE67-4A3E-9BED-87CEC0A47A48}
	EndGlobalSection
EndGlobal
